
Microsoft Visual Studio Solution File, Format Version 12.00
# Visual Studio Version 17
VisualStudioVersion = 17.2.32630.192
MinimumVisualStudioVersion = 10.0.40219.1
Project("{FAE04EC0-301F-11D3-BF4B-00C04F79EFBC}") = "HomeWork4_u20494000", "HomeWork4_u20494000\HomeWork4_u20494000.csproj", "{DB817D9E-9C9D-4C87-9E99-248AE268072A}"
EndProject
Global
	GlobalSection(SolutionConfigurationPlatforms) = preSolution
		Debug|Any CPU = Debug|Any CPU
		Release|Any CPU = Release|Any CPU
	EndGlobalSection
	GlobalSection(ProjectConfigurationPlatforms) = postSolution
		{DB817D9E-9C9D-4C87-9E99-248AE268072A}.Debug|Any CPU.ActiveCfg = Debug|Any CPU
		{DB817D9E-9C9D-4C87-9E99-248AE268072A}.Debug|Any CPU.Build.0 = Debug|Any CPU
		{DB817D9E-9C9D-4C87-9E99-248AE268072A}.Release|Any CPU.ActiveCfg = Release|Any CPU
		{DB817D9E-9C9D-4C87-9E99-248AE268072A}.Release|Any CPU.Build.0 = Release|Any CPU
	EndGlobalSection
	GlobalSection(SolutionProperties) = preSolution
		HideSolutionNode = FALSE
	EndGlobalSection
	GlobalSection(ExtensibilityGlobals) = postSolution
		SolutionGuid = {62214937-400D-4B1A-A89F-B53B9D829647}
	EndGlobalSection
EndGlobal
